
Microsoft Visual Studio Solution File, Format Version 12.00
# Visual Studio Version 17
VisualStudioVersion = 17.5.33502.453
MinimumVisualStudioVersion = 10.0.40219.1
Project("{FAE04EC0-301F-11D3-BF4B-00C04F79EFBC}") = "Streamish", "Streamish\Streamish.csproj", "{21FE532F-8382-4891-BC55-46D791B87CB3}"
EndProject
Global
	GlobalSection(SolutionConfigurationPlatforms) = preSolution
		Debug|Any CPU = Debug|Any CPU
		Release|Any CPU = Release|Any CPU
	EndGlobalSection
	GlobalSection(ProjectConfigurationPlatforms) = postSolution
		{21FE532F-8382-4891-BC55-46D791B87CB3}.Debug|Any CPU.ActiveCfg = Debug|Any CPU
		{21FE532F-8382-4891-BC55-46D791B87CB3}.Debug|Any CPU.Build.0 = Debug|Any CPU
		{21FE532F-8382-4891-BC55-46D791B87CB3}.Release|Any CPU.ActiveCfg = Release|Any CPU
		{21FE532F-8382-4891-BC55-46D791B87CB3}.Release|Any CPU.Build.0 = Release|Any CPU
	EndGlobalSection
	GlobalSection(SolutionProperties) = preSolution
		HideSolutionNode = FALSE
	EndGlobalSection
	GlobalSection(ExtensibilityGlobals) = postSolution
		SolutionGuid = {514A58E0-C675-4950-BBB4-5E0B2D46A685}
	EndGlobalSection
EndGlobal
